// !$*UTF8*$!
{
	archiveVersion = 1;
	classes = {
	};
	objectVersion = 77;
	objects = {

/* Begin PBXContainerItemProxy section */
		7A9D62502D93BD65006ACD45 /* PBXContainerItemProxy */ = {
			isa = PBXContainerItemProxy;
			containerPortal = 7A9D62322D93BD5F006ACD45 /* Project object */;
			proxyType = 1;
			remoteGlobalIDString = 7A9D62392D93BD5F006ACD45;
			remoteInfo = FridgePal;
		};
		7A9D625A2D93BD65006ACD45 /* PBXContainerItemProxy */ = {
			isa = PBXContainerItemProxy;
			containerPortal = 7A9D62322D93BD5F006ACD45 /* Project object */;
			proxyType = 1;
			remoteGlobalIDString = 7A9D62392D93BD5F006ACD45;
			remoteInfo = FridgePal;
		};
/* End PBXContainerItemProxy section */

/* Begin PBXFileReference section */
		7A9D623A2D93BD5F006ACD45 /* FridgePal.app */ = {isa = PBXFileReference; explicitFileType = wrapper.application; includeInIndex = 0; path = FridgePal.app; sourceTree = BUILT_PRODUCTS_DIR; };
		7A9D624F2D93BD65006ACD45 /* FridgePalTests.xctest */ = {isa = PBXFileReference; explicitFileType = wrapper.cfbundle; includeInIndex = 0; path = FridgePalTests.xctest; sourceTree = BUILT_PRODUCTS_DIR; };
		7A9D62592D93BD65006ACD45 /* FridgePalUITests.xctest */ = {isa = PBXFileReference; explicitFileType = wrapper.cfbundle; includeInIndex = 0; path = FridgePalUITests.xctest; sourceTree = BUILT_PRODUCTS_DIR; };
/* End PBXFileReference section */

/* Begin PBXFileSystemSynchronizedBuildFileExceptionSet section */
		7A9D62712D9B70E1006ACD45 /* Exceptions for "FridgePal" folder in "FridgePal" target */ = {
			isa = PBXFileSystemSynchronizedBuildFileExceptionSet;
			membershipExceptions = (
				Info.plist,
			);
			target = 7A9D62392D93BD5F006ACD45 /* FridgePal */;
		};
/* End PBXFileSystemSynchronizedBuildFileExceptionSet section */

/* Begin PBXFileSystemSynchronizedRootGroup section */
		7A9D623C2D93BD5F006ACD45 /* FridgePal */ = {
			isa = PBXFileSystemSynchronizedRootGroup;
			exceptions = (
				7A9D62712D9B70E1006ACD45 /* Exceptions for "FridgePal" folder in "FridgePal" target */,
			);
			path = FridgePal;
			sourceTree = "<group>";
		};
		7A9D62522D93BD65006ACD45 /* FridgePalTests */ = {
			isa = PBXFileSystemSynchronizedRootGroup;
			path = FridgePalTests;
			sourceTree = "<group>";
		};
		7A9D625C2D93BD65006ACD45 /* FridgePalUITests */ = {
			isa = PBXFileSystemSynchronizedRootGroup;
			path = FridgePalUITests;
			sourceTree = "<group>";
		};
/* End PBXFileSystemSynchronizedRootGroup section */

/* Begin PBXFrameworksBuildPhase section */
		7A9D62372D93BD5F006ACD45 /* Frameworks */ = {
			isa = PBXFrameworksBuildPhase;
			buildActionMask = 2147483647;
			files = (
			);
			runOnlyForDeploymentPostprocessing = 0;
		};
		7A9D624C2D93BD65006ACD45 /* Frameworks */ = {
			isa = PBXFrameworksBuildPhase;
			buildActionMask = 2147483647;
			files = (
			);
			runOnlyForDeploymentPostprocessing = 0;
		};
		7A9D62562D93BD65006ACD45 /* Frameworks */ = {
			isa = PBXFrameworksBuildPhase;
			buildActionMask = 2147483647;
			files = (
			);
			runOnlyForDeploymentPostprocessing = 0;
		};
/* End PBXFrameworksBuildPhase section */

/* Begin PBXGroup section */
		7A9D62312D93BD5F006ACD45 = {
			isa = PBXGroup;
			children = (
				7A9D623C2D93BD5F006ACD45 /* FridgePal */,
				7A9D62522D93BD65006ACD45 /* FridgePalTests */,
				7A9D625C2D93BD65006ACD45 /* FridgePalUITests */,
				7A9D623B2D93BD5F006ACD45 /* Products */,
			);
			sourceTree = "<group>";
		};
		7A9D623B2D93BD5F006ACD45 /* Products */ = {
			isa = PBXGroup;
			children = (
				7A9D623A2D93BD5F006ACD45 /* FridgePal.app */,
				7A9D624F2D93BD65006ACD45 /* FridgePalTests.xctest */,
				7A9D62592D93BD65006ACD45 /* FridgePalUITests.xctest */,
			);
			name = Products;
			sourceTree = "<group>";
		};
/* End PBXGroup section */

/* Begin PBXNativeTarget section */
		7A9D62392D93BD5F006ACD45 /* FridgePal */ = {
			isa = PBXNativeTarget;
			buildConfigurationList = 7A9D62632D93BD65006ACD45 /* Build configuration list for PBXNativeTarget "FridgePal" */;
			buildPhases = (
				7A9D62362D93BD5F006ACD45 /* Sources */,
				7A9D62372D93BD5F006ACD45 /* Frameworks */,
				7A9D62382D93BD5F006ACD45 /* Resources */,
			);
			buildRules = (
			);
			dependencies = (
			);
			fileSystemSynchronizedGroups = (
				7A9D623C2D93BD5F006ACD45 /* FridgePal */,
			);
			name = FridgePal;
			packageProductDependencies = (
			);
			productName = FridgePal;
			productReference = 7A9D623A2D93BD5F006ACD45 /* FridgePal.app */;
			productType = "com.apple.product-type.application";
		};
		7A9D624E2D93BD65006ACD45 /* FridgePalTests */ = {
			isa = PBXNativeTarget;
			buildConfigurationList = 7A9D62662D93BD65006ACD45 /* Build configuration list for PBXNativeTarget "FridgePalTests" */;
			buildPhases = (
				7A9D624B2D93BD65006ACD45 /* Sources */,
				7A9D624C2D93BD65006ACD45 /* Frameworks */,
				7A9D624D2D93BD65006ACD45 /* Resources */,
			);
			buildRules = (
			);
			dependencies = (
				7A9D62512D93BD65006ACD45 /* PBXTargetDependency */,
			);
			fileSystemSynchronizedGroups = (
				7A9D62522D93BD65006ACD45 /* FridgePalTests */,
			);
			name = FridgePalTests;
			packageProductDependencies = (
			);
			productName = FridgePalTests;
			productReference = 7A9D624F2D93BD65006ACD45 /* FridgePalTests.xctest */;
			productType = "com.apple.product-type.bundle.unit-test";
		};
		7A9D62582D93BD65006ACD45 /* FridgePalUITests */ = {
			isa = PBXNativeTarget;
			buildConfigurationList = 7A9D62692D93BD65006ACD45 /* Build configuration list for PBXNativeTarget "FridgePalUITests" */;
			buildPhases = (
				7A9D62552D93BD65006ACD45 /* Sources */,
				7A9D62562D93BD65006ACD45 /* Frameworks */,
				7A9D62572D93BD65006ACD45 /* Resources */,
			);
			buildRules = (
			);
			dependencies = (
				7A9D625B2D93BD65006ACD45 /* PBXTargetDependency */,
			);
			fileSystemSynchronizedGroups = (
				7A9D625C2D93BD65006ACD45 /* FridgePalUITests */,
			);
			name = FridgePalUITests;
			packageProductDependencies = (
			);
			productName = FridgePalUITests;
			productReference = 7A9D62592D93BD65006ACD45 /* FridgePalUITests.xctest */;
			productType = "com.apple.product-type.bundle.ui-testing";
		};
/* End PBXNativeTarget section */

/* Begin PBXProject section */
		7A9D62322D93BD5F006ACD45 /* Project object */ = {
			isa = PBXProject;
			attributes = {
				BuildIndependentTargetsInParallel = 1;
				LastSwiftUpdateCheck = 1620;
				LastUpgradeCheck = 1620;
				TargetAttributes = {
					7A9D62392D93BD5F006ACD45 = {
						CreatedOnToolsVersion = 16.2;
					};
					7A9D624E2D93BD65006ACD45 = {
						CreatedOnToolsVersion = 16.2;
						TestTargetID = 7A9D62392D93BD5F006ACD45;
					};
					7A9D62582D93BD65006ACD45 = {
						CreatedOnToolsVersion = 16.2;
						TestTargetID = 7A9D62392D93BD5F006ACD45;
					};
				};
			};
			buildConfigurationList = 7A9D62352D93BD5F006ACD45 /* Build configuration list for PBXProject "FridgePal" */;
			developmentRegion = en;
			hasScannedForEncodings = 0;
			knownRegions = (
				en,
				Base,
			);
			mainGroup = 7A9D62312D93BD5F006ACD45;
			minimizedProjectReferenceProxies = 1;
			preferredProjectObjectVersion = 77;
			productRefGroup = 7A9D623B2D93BD5F006ACD45 /* Products */;
			projectDirPath = "";
			projectRoot = "";
			targets = (
				7A9D62392D93BD5F006ACD45 /* FridgePal */,
				7A9D624E2D93BD65006ACD45 /* FridgePalTests */,
				7A9D62582D93BD65006ACD45 /* FridgePalUITests */,
			);
		};
/* End PBXProject section */

/* Begin PBXResourcesBuildPhase section */
		7A9D62382D93BD5F006ACD45 /* Resources */ = {
			isa = PBXResourcesBuildPhase;
			buildActionMask = 2147483647;
			files = (
			);
			runOnlyForDeploymentPostprocessing = 0;
		};
		7A9D624D2D93BD65006ACD45 /* Resources */ = {
			isa = PBXResourcesBuildPhase;
			buildActionMask = 2147483647;
			files = (
			);
			runOnlyForDeploymentPostprocessing = 0;
		};
		7A9D62572D93BD65006ACD45 /* Resources */ = {
			isa = PBXResourcesBuildPhase;
			buildActionMask = 2147483647;
			files = (
			);
			runOnlyForDeploymentPostprocessing = 0;
		};
/* End PBXResourcesBuildPhase section */

/* Begin PBXSourcesBuildPhase section */
		7A9D62362D93BD5F006ACD45 /* Sources */ = {
			isa = PBXSourcesBuildPhase;
			buildActionMask = 2147483647;
			files = (
			);
			runOnlyForDeploymentPostprocessing = 0;
		};
		7A9D624B2D93BD65006ACD45 /* Sources */ = {
			isa = PBXSourcesBuildPhase;
			buildActionMask = 2147483647;
			files = (
			);
			runOnlyForDeploymentPostprocessing = 0;
		};
		7A9D62552D93BD65006ACD45 /* Sources */ = {
			isa = PBXSourcesBuildPhase;
			buildActionMask = 2147483647;
			files = (
			);
			runOnlyForDeploymentPostprocessing = 0;
		};
/* End PBXSourcesBuildPhase section */

/* Begin PBXTargetDependency section */
		7A9D62512D93BD65006ACD45 /* PBXTargetDependency */ = {
			isa = PBXTargetDependency;
			target = 7A9D62392D93BD5F006ACD45 /* FridgePal */;
			targetProxy = 7A9D62502D93BD65006ACD45 /* PBXContainerItemProxy */;
		};
		7A9D625B2D93BD65006ACD45 /* PBXTargetDependency */ = {
			isa = PBXTargetDependency;
			target = 7A9D62392D93BD5F006ACD45 /* FridgePal */;
			targetProxy = 7A9D625A2D93BD65006ACD45 /* PBXContainerItemProxy */;
		};
/* End PBXTargetDependency section */

/* Begin XCBuildConfiguration section */
		7A9D62612D93BD65006ACD45 /* Debug */ = {
			isa = XCBuildConfiguration;
			buildSettings = {
				ALWAYS_SEARCH_USER_PATHS = NO;
				ASSETCATALOG_COMPILER_GENERATE_SWIFT_ASSET_SYMBOL_EXTENSIONS = YES;
				CLANG_ANALYZER_NONNULL = YES;
				CLANG_ANALYZER_NUMBER_OBJECT_CONVERSION = YES_AGGRESSIVE;
				CLANG_CXX_LANGUAGE_STANDARD = "gnu++20";
				CLANG_ENABLE_MODULES = YES;
				CLANG_ENABLE_OBJC_ARC = YES;
				CLANG_ENABLE_OBJC_WEAK = YES;
				CLANG_WARN_BLOCK_CAPTURE_AUTORELEASING = YES;
				CLANG_WARN_BOOL_CONVERSION = YES;
				CLANG_WARN_COMMA = YES;
				CLANG_WARN_CONSTANT_CONVERSION = YES;
				CLANG_WARN_DEPRECATED_OBJC_IMPLEMENTATIONS = YES;
				CLANG_WARN_DIRECT_OBJC_ISA_USAGE = YES_ERROR;
				CLANG_WARN_DOCUMENTATION_COMMENTS = YES;
				CLANG_WARN_EMPTY_BODY = YES;
				CLANG_WARN_ENUM_CONVERSION = YES;
				CLANG_WARN_INFINITE_RECURSION = YES;
				CLANG_WARN_INT_CONVERSION = YES;
				CLANG_WARN_NON_LITERAL_NULL_CONVERSION = YES;
				CLANG_WARN_OBJC_IMPLICIT_RETAIN_SELF = YES;
				CLANG_WARN_OBJC_LITERAL_CONVERSION = YES;
				CLANG_WARN_OBJC_ROOT_CLASS = YES_ERROR;
				CLANG_WARN_QUOTED_INCLUDE_IN_FRAMEWORK_HEADER = YES;
				CLANG_WARN_RANGE_LOOP_ANALYSIS = YES;
				CLANG_WARN_STRICT_PROTOTYPES = YES;
				CLANG_WARN_SUSPICIOUS_MOVE = YES;
				CLANG_WARN_UNGUARDED_AVAILABILITY = YES_AGGRESSIVE;
				CLANG_WARN_UNREACHABLE_CODE = YES;
				CLANG_WARN__DUPLICATE_METHOD_MATCH = YES;
				COPY_PHASE_STRIP = NO;
				DEBUG_INFORMATION_FORMAT = dwarf;
				ENABLE_STRICT_OBJC_MSGSEND = YES;
				ENABLE_TESTABILITY = YES;
				ENABLE_USER_SCRIPT_SANDBOXING = YES;
				GCC_C_LANGUAGE_STANDARD = gnu17;
				GCC_DYNAMIC_NO_PIC = NO;
				GCC_NO_COMMON_BLOCKS = YES;
				GCC_OPTIMIZATION_LEVEL = 0;
				GCC_PREPROCESSOR_DEFINITIONS = (
					"DEBUG=1",
					"$(inherited)",
				);
				GCC_WARN_64_TO_32_BIT_CONVERSION = YES;
				GCC_WARN_ABOUT_RETURN_TYPE = YES_ERROR;
				GCC_WARN_UNDECLARED_SELECTOR = YES;
				GCC_WARN_UNINITIALIZED_AUTOS = YES_AGGRESSIVE;
				GCC_WARN_UNUSED_FUNCTION = YES;
				GCC_WARN_UNUSED_VARIABLE = YES;
				IPHONEOS_DEPLOYMENT_TARGET = 18.2;
				LOCALIZATION_PREFERS_STRING_CATALOGS = YES;
				MTL_ENABLE_DEBUG_INFO = INCLUDE_SOURCE;
				MTL_FAST_MATH = YES;
				ONLY_ACTIVE_ARCH = YES;
				SDKROOT = iphoneos;
				SWIFT_ACTIVE_COMPILATION_CONDITIONS = "DEBUG $(inherited)";
				SWIFT_OPTIMIZATION_LEVEL = "-Onone";
			};
			name = Debug;
		};
		7A9D62622D93BD65006ACD45 /* Release */ = {
			isa = XCBuildConfiguration;
			buildSettings = {
				ALWAYS_SEARCH_USER_PATHS = NO;
				ASSETCATALOG_COMPILER_GENERATE_SWIFT_ASSET_SYMBOL_EXTENSIONS = YES;
				CLANG_ANALYZER_NONNULL = YES;
				CLANG_ANALYZER_NUMBER_OBJECT_CONVERSION = YES_AGGRESSIVE;
				CLANG_CXX_LANGUAGE_STANDARD = "gnu++20";
				CLANG_ENABLE_MODULES = YES;
				CLANG_ENABLE_OBJC_ARC = YES;
				CLANG_ENABLE_OBJC_WEAK = YES;
				CLANG_WARN_BLOCK_CAPTURE_AUTORELEASING = YES;
				CLANG_WARN_BOOL_CONVERSION = YES;
				CLANG_WARN_COMMA = YES;
				CLANG_WARN_CONSTANT_CONVERSION = YES;
				CLANG_WARN_DEPRECATED_OBJC_IMPLEMENTATIONS = YES;
				CLANG_WARN_DIRECT_OBJC_ISA_USAGE = YES_ERROR;
				CLANG_WARN_DOCUMENTATION_COMMENTS = YES;
				CLANG_WARN_EMPTY_BODY = YES;
				CLANG_WARN_ENUM_CONVERSION = YES;
				CLANG_WARN_INFINITE_RECURSION = YES;
				CLANG_WARN_INT_CONVERSION = YES;
				CLANG_WARN_NON_LITERAL_NULL_CONVERSION = YES;
				CLANG_WARN_OBJC_IMPLICIT_RETAIN_SELF = YES;
				CLANG_WARN_OBJC_LITERAL_CONVERSION = YES;
				CLANG_WARN_OBJC_ROOT_CLASS = YES_ERROR;
				CLANG_WARN_QUOTED_INCLUDE_IN_FRAMEWORK_HEADER = YES;
				CLANG_WARN_RANGE_LOOP_ANALYSIS = YES;
				CLANG_WARN_STRICT_PROTOTYPES = YES;
				CLANG_WARN_SUSPICIOUS_MOVE = YES;
				CLANG_WARN_UNGUARDED_AVAILABILITY = YES_AGGRESSIVE;
				CLANG_WARN_UNREACHABLE_CODE = YES;
				CLANG_WARN__DUPLICATE_METHOD_MATCH = YES;
				COPY_PHASE_STRIP = NO;
				DEBUG_INFORMATION_FORMAT = "dwarf-with-dsym";
				ENABLE_NS_ASSERTIONS = NO;
				ENABLE_STRICT_OBJC_MSGSEND = YES;
				ENABLE_USER_SCRIPT_SANDBOXING = YES;
				GCC_C_LANGUAGE_STANDARD = gnu17;
				GCC_NO_COMMON_BLOCKS = YES;
				GCC_WARN_64_TO_32_BIT_CONVERSION = YES;
				GCC_WARN_ABOUT_RETURN_TYPE = YES_ERROR;
				GCC_WARN_UNDECLARED_SELECTOR = YES;
				GCC_WARN_UNINITIALIZED_AUTOS = YES_AGGRESSIVE;
				GCC_WARN_UNUSED_FUNCTION = YES;
				GCC_WARN_UNUSED_VARIABLE = YES;
				IPHONEOS_DEPLOYMENT_TARGET = 18.2;
				LOCALIZATION_PREFERS_STRING_CATALOGS = YES;
				MTL_ENABLE_DEBUG_INFO = NO;
				MTL_FAST_MATH = YES;
				SDKROOT = iphoneos;
				SWIFT_COMPILATION_MODE = wholemodule;
				VALIDATE_PRODUCT = YES;
			};
			name = Release;
		};
		7A9D62642D93BD65006ACD45 /* Debug */ = {
			isa = XCBuildConfiguration;
			buildSettings = {
				ASSETCATALOG_COMPILER_APPICON_NAME = AppIcon;
				ASSETCATALOG_COMPILER_GLOBAL_ACCENT_COLOR_NAME = AccentColor;
				CODE_SIGN_STYLE = Automatic;
				CURRENT_PROJECT_VERSION = 1;
				DEVELOPMENT_ASSET_PATHS = "\"FridgePal/Preview Content\"";
				DEVELOPMENT_TEAM = 2LDU3R65D5;
				ENABLE_PREVIEWS = YES;
				GENERATE_INFOPLIST_FILE = YES;
				INFOPLIST_FILE = FridgePal/Info.plist;
				INFOPLIST_KEY_UIApplicationSceneManifest_Generation = YES;
				INFOPLIST_KEY_UIApplicationSupportsIndirectInputEvents = YES;
				INFOPLIST_KEY_UILaunchScreen_Generation = YES;
				INFOPLIST_KEY_UISupportedInterfaceOrientations_iPad = "UIInterfaceOrientationPortrait UIInterfaceOrientationPortraitUpsideDown UIInterfaceOrientationLandscapeLeft UIInterfaceOrientationLandscapeRight";
				INFOPLIST_KEY_UISupportedInterfaceOrientations_iPhone = "UIInterfaceOrientationPortrait UIInterfaceOrientationLandscapeLeft UIInterfaceOrientationLandscapeRight";
				LD_RUNPATH_SEARCH_PATHS = (
					"$(inherited)",
					"@executable_path/Frameworks",
				);
				MARKETING_VERSION = 1.0;
				PRODUCT_BUNDLE_IDENTIFIER = com.codewithdanny.FridgePal;
				PRODUCT_NAME = "$(TARGET_NAME)";
				SWIFT_EMIT_LOC_STRINGS = YES;
				SWIFT_VERSION = 5.0;
				TARGETED_DEVICE_FAMILY = "1,2";
			};
			name = Debug;
		};
		7A9D62652D93BD65006ACD45 /* Release */ = {
			isa = XCBuildConfiguration;
			buildSettings = {
				ASSETCATALOG_COMPILER_APPICON_NAME = AppIcon;
				ASSETCATALOG_COMPILER_GLOBAL_ACCENT_COLOR_NAME = AccentColor;
				CODE_SIGN_STYLE = Automatic;
				CURRENT_PROJECT_VERSION = 1;
				DEVELOPMENT_ASSET_PATHS = "\"FridgePal/Preview Content\"";
				DEVELOPMENT_TEAM = 2LDU3R65D5;
				ENABLE_PREVIEWS = YES;
				GENERATE_INFOPLIST_FILE = YES;
				INFOPLIST_FILE = FridgePal/Info.plist;
				INFOPLIST_KEY_UIApplicationSceneManifest_Generation = YES;
				INFOPLIST_KEY_UIApplicationSupportsIndirectInputEvents = YES;
				INFOPLIST_KEY_UILaunchScreen_Generation = YES;
				INFOPLIST_KEY_UISupportedInterfaceOrientations_iPad = "UIInterfaceOrientationPortrait UIInterfaceOrientationPortraitUpsideDown UIInterfaceOrientationLandscapeLeft UIInterfaceOrientationLandscapeRight";
				INFOPLIST_KEY_UISupportedInterfaceOrientations_iPhone = "UIInterfaceOrientationPortrait UIInterfaceOrientationLandscapeLeft UIInterfaceOrientationLandscapeRight";
				LD_RUNPATH_SEARCH_PATHS = (
					"$(inherited)",
					"@executable_path/Frameworks",
				);
				MARKETING_VERSION = 1.0;
				PRODUCT_BUNDLE_IDENTIFIER = com.codewithdanny.FridgePal;
				PRODUCT_NAME = "$(TARGET_NAME)";
				SWIFT_EMIT_LOC_STRINGS = YES;
				SWIFT_VERSION = 5.0;
				TARGETED_DEVICE_FAMILY = "1,2";
			};
			name = Release;
		};
		7A9D62672D93BD65006ACD45 /* Debug */ = {
			isa = XCBuildConfiguration;
			buildSettings = {
				BUNDLE_LOADER = "$(TEST_HOST)";
				CODE_SIGN_STYLE = Automatic;
				CURRENT_PROJECT_VERSION = 1;
				DEVELOPMENT_TEAM = 2LDU3R65D5;
				GENERATE_INFOPLIST_FILE = YES;
				IPHONEOS_DEPLOYMENT_TARGET = 18.2;
				MARKETING_VERSION = 1.0;
				PRODUCT_BUNDLE_IDENTIFIER = com.codewithdanny.FridgePalTests;
				PRODUCT_NAME = "$(TARGET_NAME)";
				SWIFT_EMIT_LOC_STRINGS = NO;
				SWIFT_VERSION = 5.0;
				TARGETED_DEVICE_FAMILY = "1,2";
				TEST_HOST = "$(BUILT_PRODUCTS_DIR)/FridgePal.app/$(BUNDLE_EXECUTABLE_FOLDER_PATH)/FridgePal";
			};
			name = Debug;
		};
		7A9D62682D93BD65006ACD45 /* Release */ = {
			isa = XCBuildConfiguration;
			buildSettings = {
				BUNDLE_LOADER = "$(TEST_HOST)";
				CODE_SIGN_STYLE = Automatic;
				CURRENT_PROJECT_VERSION = 1;
				DEVELOPMENT_TEAM = 2LDU3R65D5;
				GENERATE_INFOPLIST_FILE = YES;
				IPHONEOS_DEPLOYMENT_TARGET = 18.2;
				MARKETING_VERSION = 1.0;
				PRODUCT_BUNDLE_IDENTIFIER = com.codewithdanny.FridgePalTests;
				PRODUCT_NAME = "$(TARGET_NAME)";
				SWIFT_EMIT_LOC_STRINGS = NO;
				SWIFT_VERSION = 5.0;
				TARGETED_DEVICE_FAMILY = "1,2";
				TEST_HOST = "$(BUILT_PRODUCTS_DIR)/FridgePal.app/$(BUNDLE_EXECUTABLE_FOLDER_PATH)/FridgePal";
			};
			name = Release;
		};
		7A9D626A2D93BD65006ACD45 /* Debug */ = {
			isa = XCBuildConfiguration;
			buildSettings = {
				CODE_SIGN_STYLE = Automatic;
				CURRENT_PROJECT_VERSION = 1;
				DEVELOPMENT_TEAM = 2LDU3R65D5;
				GENERATE_INFOPLIST_FILE = YES;
				MARKETING_VERSION = 1.0;
				PRODUCT_BUNDLE_IDENTIFIER = com.codewithdanny.FridgePalUITests;
				PRODUCT_NAME = "$(TARGET_NAME)";
				SWIFT_EMIT_LOC_STRINGS = NO;
				SWIFT_VERSION = 5.0;
				TARGETED_DEVICE_FAMILY = "1,2";
				TEST_TARGET_NAME = FridgePal;
			};
			name = Debug;
		};
		7A9D626B2D93BD65006ACD45 /* Release */ = {
			isa = XCBuildConfiguration;
			buildSettings = {
				CODE_SIGN_STYLE = Automatic;
				CURRENT_PROJECT_VERSION = 1;
				DEVELOPMENT_TEAM = 2LDU3R65D5;
				GENERATE_INFOPLIST_FILE = YES;
				MARKETING_VERSION = 1.0;
				PRODUCT_BUNDLE_IDENTIFIER = com.codewithdanny.FridgePalUITests;
				PRODUCT_NAME = "$(TARGET_NAME)";
				SWIFT_EMIT_LOC_STRINGS = NO;
				SWIFT_VERSION = 5.0;
				TARGETED_DEVICE_FAMILY = "1,2";
				TEST_TARGET_NAME = FridgePal;
			};
			name = Release;
		};
/* End XCBuildConfiguration section */

/* Begin XCConfigurationList section */
		7A9D62352D93BD5F006ACD45 /* Build configuration list for PBXProject "FridgePal" */ = {
			isa = XCConfigurationList;
			buildConfigurations = (
				7A9D62612D93BD65006ACD45 /* Debug */,
				7A9D62622D93BD65006ACD45 /* Release */,
			);
			defaultConfigurationIsVisible = 0;
			defaultConfigurationName = Release;
		};
		7A9D62632D93BD65006ACD45 /* Build configuration list for PBXNativeTarget "FridgePal" */ = {
			isa = XCConfigurationList;
			buildConfigurations = (
				7A9D62642D93BD65006ACD45 /* Debug */,
				7A9D62652D93BD65006ACD45 /* Release */,
			);
			defaultConfigurationIsVisible = 0;
			defaultConfigurationName = Release;
		};
		7A9D62662D93BD65006ACD45 /* Build configuration list for PBXNativeTarget "FridgePalTests" */ = {
			isa = XCConfigurationList;
			buildConfigurations = (
				7A9D62672D93BD65006ACD45 /* Debug */,
				7A9D62682D93BD65006ACD45 /* Release */,
			);
			defaultConfigurationIsVisible = 0;
			defaultConfigurationName = Release;
		};
		7A9D62692D93BD65006ACD45 /* Build configuration list for PBXNativeTarget "FridgePalUITests" */ = {
			isa = XCConfigurationList;
			buildConfigurations = (
				7A9D626A2D93BD65006ACD45 /* Debug */,
				7A9D626B2D93BD65006ACD45 /* Release */,
			);
			defaultConfigurationIsVisible = 0;
			defaultConfigurationName = Release;
		};
/* End XCConfigurationList section */
	};
	rootObject = 7A9D62322D93BD5F006ACD45 /* Project object */;
}
